// !$*UTF8*$!
{
	archiveVersion = 1;
	classes = {
	};
	objectVersion = 56;
	objects = {

/* Begin PBXBuildFile section */
		BE621C872CC5337B00DB0C8C /* f.metal in Sources */ = {isa = PBXBuildFile; fileRef = BE621C862CC5337B00DB0C8C /* f.metal */; };
		BE621C892CC5368900DB0C8C /* 113965bb5fe7074edc9ca25991e7ad35 in Resources */ = {isa = PBXBuildFile; fileRef = BE621C882CC5368900DB0C8C /* 113965bb5fe7074edc9ca25991e7ad35 */; };
		BED9E6BD2CC4248D008786F0 /* AppDelegate.m in Sources */ = {isa = PBXBuildFile; fileRef = BED9E6BC2CC4248D008786F0 /* AppDelegate.m */; };
		BED9E6C02CC4248D008786F0 /* SceneDelegate.m in Sources */ = {isa = PBXBuildFile; fileRef = BED9E6BF2CC4248D008786F0 /* SceneDelegate.m */; };
		BED9E6C32CC4248D008786F0 /* ViewController.m in Sources */ = {isa = PBXBuildFile; fileRef = BED9E6C22CC4248D008786F0 /* ViewController.m */; };
		BED9E6C62CC4248D008786F0 /* Base in Resources */ = {isa = PBXBuildFile; fileRef = BED9E6C52CC4248D008786F0 /* Base */; };
		BED9E6C82CC4248E008786F0 /* Assets.xcassets in Resources */ = {isa = PBXBuildFile; fileRef = BED9E6C72CC4248E008786F0 /* Assets.xcassets */; };
		BED9E6CB2CC4248E008786F0 /* Base in Resources */ = {isa = PBXBuildFile; fileRef = BED9E6CA2CC4248E008786F0 /* Base */; };
		BED9E6CE2CC4248E008786F0 /* main.m in Sources */ = {isa = PBXBuildFile; fileRef = BED9E6CD2CC4248E008786F0 /* main.m */; };
/* End PBXBuildFile section */

/* Begin PBXFileReference section */
		BE621C862CC5337B00DB0C8C /* f.metal */ = {isa = PBXFileReference; lastKnownFileType = sourcecode.metal; path = f.metal; sourceTree = "<group>"; };
		BE621C882CC5368900DB0C8C /* 113965bb5fe7074edc9ca25991e7ad35 */ = {isa = PBXFileReference; lastKnownFileType = file; path = 113965bb5fe7074edc9ca25991e7ad35; sourceTree = "<group>"; };
		BED9E6B82CC4248D008786F0 /* tinygrad-objc-ios.app */ = {isa = PBXFileReference; explicitFileType = wrapper.application; includeInIndex = 0; path = "tinygrad-objc-ios.app"; sourceTree = BUILT_PRODUCTS_DIR; };
		BED9E6BB2CC4248D008786F0 /* AppDelegate.h */ = {isa = PBXFileReference; lastKnownFileType = sourcecode.c.h; path = AppDelegate.h; sourceTree = "<group>"; };
		BED9E6BC2CC4248D008786F0 /* AppDelegate.m */ = {isa = PBXFileReference; lastKnownFileType = sourcecode.c.objc; path = AppDelegate.m; sourceTree = "<group>"; };
		BED9E6BE2CC4248D008786F0 /* SceneDelegate.h */ = {isa = PBXFileReference; lastKnownFileType = sourcecode.c.h; path = SceneDelegate.h; sourceTree = "<group>"; };
		BED9E6BF2CC4248D008786F0 /* SceneDelegate.m */ = {isa = PBXFileReference; lastKnownFileType = sourcecode.c.objc; path = SceneDelegate.m; sourceTree = "<group>"; };
		BED9E6C12CC4248D008786F0 /* ViewController.h */ = {isa = PBXFileReference; lastKnownFileType = sourcecode.c.h; path = ViewController.h; sourceTree = "<group>"; };
		BED9E6C22CC4248D008786F0 /* ViewController.m */ = {isa = PBXFileReference; lastKnownFileType = sourcecode.c.objc; path = ViewController.m; sourceTree = "<group>"; };
		BED9E6C52CC4248D008786F0 /* Base */ = {isa = PBXFileReference; lastKnownFileType = file.storyboard; name = Base; path = Base.lproj/Main.storyboard; sourceTree = "<group>"; };
		BED9E6C72CC4248E008786F0 /* Assets.xcassets */ = {isa = PBXFileReference; lastKnownFileType = folder.assetcatalog; path = Assets.xcassets; sourceTree = "<group>"; };
		BED9E6CA2CC4248E008786F0 /* Base */ = {isa = PBXFileReference; lastKnownFileType = file.storyboard; name = Base; path = Base.lproj/LaunchScreen.storyboard; sourceTree = "<group>"; };
		BED9E6CC2CC4248E008786F0 /* Info.plist */ = {isa = PBXFileReference; lastKnownFileType = text.plist.xml; path = Info.plist; sourceTree = "<group>"; };
		BED9E6CD2CC4248E008786F0 /* main.m */ = {isa = PBXFileReference; lastKnownFileType = sourcecode.c.objc; path = main.m; sourceTree = "<group>"; };
/* End PBXFileReference section */

/* Begin PBXFrameworksBuildPhase section */
		BED9E6B52CC4248D008786F0 /* Frameworks */ = {
			isa = PBXFrameworksBuildPhase;
			buildActionMask = 2147483647;
			files = (
			);
			runOnlyForDeploymentPostprocessing = 0;
		};
/* End PBXFrameworksBuildPhase section */

/* Begin PBXGroup section */
		BED9E6AF2CC4248D008786F0 = {
			isa = PBXGroup;
			children = (
				BE621C882CC5368900DB0C8C /* 113965bb5fe7074edc9ca25991e7ad35 */,
				BE621C862CC5337B00DB0C8C /* f.metal */,
				BED9E6BA2CC4248D008786F0 /* tinygrad-objc-ios */,
				BED9E6B92CC4248D008786F0 /* Products */,
			);
			sourceTree = "<group>";
		};
		BED9E6B92CC4248D008786F0 /* Products */ = {
			isa = PBXGroup;
			children = (
				BED9E6B82CC4248D008786F0 /* tinygrad-objc-ios.app */,
			);
			name = Products;
			sourceTree = "<group>";
		};
		BED9E6BA2CC4248D008786F0 /* tinygrad-objc-ios */ = {
			isa = PBXGroup;
			children = (
				BED9E6BB2CC4248D008786F0 /* AppDelegate.h */,
				BED9E6BC2CC4248D008786F0 /* AppDelegate.m */,
				BED9E6BE2CC4248D008786F0 /* SceneDelegate.h */,
				BED9E6BF2CC4248D008786F0 /* SceneDelegate.m */,
				BED9E6C12CC4248D008786F0 /* ViewController.h */,
				BED9E6C22CC4248D008786F0 /* ViewController.m */,
				BED9E6C42CC4248D008786F0 /* Main.storyboard */,
				BED9E6C72CC4248E008786F0 /* Assets.xcassets */,
				BED9E6C92CC4248E008786F0 /* LaunchScreen.storyboard */,
				BED9E6CC2CC4248E008786F0 /* Info.plist */,
				BED9E6CD2CC4248E008786F0 /* main.m */,
			);
			path = "tinygrad-objc-ios";
			sourceTree = "<group>";
		};
/* End PBXGroup section */

/* Begin PBXNativeTarget section */
		BED9E6B72CC4248D008786F0 /* tinygrad-objc-ios */ = {
			isa = PBXNativeTarget;
			buildConfigurationList = BED9E6D12CC4248E008786F0 /* Build configuration list for PBXNativeTarget "tinygrad-objc-ios" */;
			buildPhases = (
				BED9E6B42CC4248D008786F0 /* Sources */,
				BED9E6B52CC4248D008786F0 /* Frameworks */,
				BED9E6B62CC4248D008786F0 /* Resources */,
			);
			buildRules = (
			);
			dependencies = (
			);
			name = "tinygrad-objc-ios";
			productName = "tinygrad-objc-ios";
			productReference = BED9E6B82CC4248D008786F0 /* tinygrad-objc-ios.app */;
			productType = "com.apple.product-type.application";
		};
/* End PBXNativeTarget section */

/* Begin PBXProject section */
		BED9E6B02CC4248D008786F0 /* Project object */ = {
			isa = PBXProject;
			attributes = {
				BuildIndependentTargetsInParallel = 1;
				LastUpgradeCheck = 1540;
				TargetAttributes = {
					BED9E6B72CC4248D008786F0 = {
						CreatedOnToolsVersion = 15.4;
					};
				};
			};
			buildConfigurationList = BED9E6B32CC4248D008786F0 /* Build configuration list for PBXProject "tinygrad-objc-ios" */;
			compatibilityVersion = "Xcode 14.0";
			developmentRegion = en;
			hasScannedForEncodings = 0;
			knownRegions = (
				en,
				Base,
			);
			mainGroup = BED9E6AF2CC4248D008786F0;
			productRefGroup = BED9E6B92CC4248D008786F0 /* Products */;
			projectDirPath = "";
			projectRoot = "";
			targets = (
				BED9E6B72CC4248D008786F0 /* tinygrad-objc-ios */,
			);
		};
/* End PBXProject section */

/* Begin PBXResourcesBuildPhase section */
		BED9E6B62CC4248D008786F0 /* Resources */ = {
			isa = PBXResourcesBuildPhase;
			buildActionMask = 2147483647;
			files = (
				BED9E6C82CC4248E008786F0 /* Assets.xcassets in Resources */,
				BED9E6CB2CC4248E008786F0 /* Base in Resources */,
				BE621C892CC5368900DB0C8C /* 113965bb5fe7074edc9ca25991e7ad35 in Resources */,
				BED9E6C62CC4248D008786F0 /* Base in Resources */,
			);
			runOnlyForDeploymentPostprocessing = 0;
		};
/* End PBXResourcesBuildPhase section */

/* Begin PBXSourcesBuildPhase section */
		BED9E6B42CC4248D008786F0 /* Sources */ = {
			isa = PBXSourcesBuildPhase;
			buildActionMask = 2147483647;
			files = (
				BED9E6C32CC4248D008786F0 /* ViewController.m in Sources */,
				BED9E6BD2CC4248D008786F0 /* AppDelegate.m in Sources */,
				BE621C872CC5337B00DB0C8C /* f.metal in Sources */,
				BED9E6CE2CC4248E008786F0 /* main.m in Sources */,
				BED9E6C02CC4248D008786F0 /* SceneDelegate.m in Sources */,
			);
			runOnlyForDeploymentPostprocessing = 0;
		};
/* End PBXSourcesBuildPhase section */

/* Begin PBXVariantGroup section */
		BED9E6C42CC4248D008786F0 /* Main.storyboard */ = {
			isa = PBXVariantGroup;
			children = (
				BED9E6C52CC4248D008786F0 /* Base */,
			);
			name = Main.storyboard;
			sourceTree = "<group>";
		};
		BED9E6C92CC4248E008786F0 /* LaunchScreen.storyboard */ = {
			isa = PBXVariantGroup;
			children = (
				BED9E6CA2CC4248E008786F0 /* Base */,
			);
			name = LaunchScreen.storyboard;
			sourceTree = "<group>";
		};
/* End PBXVariantGroup section */

/* Begin XCBuildConfiguration section */
		BED9E6CF2CC4248E008786F0 /* Debug */ = {
			isa = XCBuildConfiguration;
			buildSettings = {
				ALWAYS_SEARCH_USER_PATHS = NO;
				ASSETCATALOG_COMPILER_GENERATE_SWIFT_ASSET_SYMBOL_EXTENSIONS = YES;
				CLANG_ANALYZER_NONNULL = YES;
				CLANG_ANALYZER_NUMBER_OBJECT_CONVERSION = YES_AGGRESSIVE;
				CLANG_CXX_LANGUAGE_STANDARD = "gnu++20";
				CLANG_ENABLE_MODULES = YES;
				CLANG_ENABLE_OBJC_ARC = YES;
				CLANG_ENABLE_OBJC_WEAK = YES;
				CLANG_WARN_BLOCK_CAPTURE_AUTORELEASING = YES;
				CLANG_WARN_BOOL_CONVERSION = YES;
				CLANG_WARN_COMMA = YES;
				CLANG_WARN_CONSTANT_CONVERSION = YES;
				CLANG_WARN_DEPRECATED_OBJC_IMPLEMENTATIONS = YES;
				CLANG_WARN_DIRECT_OBJC_ISA_USAGE = YES_ERROR;
				CLANG_WARN_DOCUMENTATION_COMMENTS = YES;
				CLANG_WARN_EMPTY_BODY = YES;
				CLANG_WARN_ENUM_CONVERSION = YES;
				CLANG_WARN_INFINITE_RECURSION = YES;
				CLANG_WARN_INT_CONVERSION = YES;
				CLANG_WARN_NON_LITERAL_NULL_CONVERSION = YES;
				CLANG_WARN_OBJC_IMPLICIT_RETAIN_SELF = YES;
				CLANG_WARN_OBJC_LITERAL_CONVERSION = YES;
				CLANG_WARN_OBJC_ROOT_CLASS = YES_ERROR;
				CLANG_WARN_QUOTED_INCLUDE_IN_FRAMEWORK_HEADER = YES;
				CLANG_WARN_RANGE_LOOP_ANALYSIS = YES;
				CLANG_WARN_STRICT_PROTOTYPES = YES;
				CLANG_WARN_SUSPICIOUS_MOVE = YES;
				CLANG_WARN_UNGUARDED_AVAILABILITY = YES_AGGRESSIVE;
				CLANG_WARN_UNREACHABLE_CODE = YES;
				CLANG_WARN__DUPLICATE_METHOD_MATCH = YES;
				COPY_PHASE_STRIP = NO;
				DEBUG_INFORMATION_FORMAT = dwarf;
				ENABLE_STRICT_OBJC_MSGSEND = YES;
				ENABLE_TESTABILITY = YES;
				ENABLE_USER_SCRIPT_SANDBOXING = YES;
				GCC_C_LANGUAGE_STANDARD = gnu17;
				GCC_DYNAMIC_NO_PIC = NO;
				GCC_NO_COMMON_BLOCKS = YES;
				GCC_OPTIMIZATION_LEVEL = 0;
				GCC_PREPROCESSOR_DEFINITIONS = (
					"DEBUG=1",
					"$(inherited)",
				);
				GCC_WARN_64_TO_32_BIT_CONVERSION = YES;
				GCC_WARN_ABOUT_RETURN_TYPE = YES_ERROR;
				GCC_WARN_UNDECLARED_SELECTOR = YES;
				GCC_WARN_UNINITIALIZED_AUTOS = YES_AGGRESSIVE;
				GCC_WARN_UNUSED_FUNCTION = YES;
				GCC_WARN_UNUSED_VARIABLE = YES;
				IPHONEOS_DEPLOYMENT_TARGET = 17.5;
				LOCALIZATION_PREFERS_STRING_CATALOGS = YES;
				MTL_ENABLE_DEBUG_INFO = INCLUDE_SOURCE;
				MTL_FAST_MATH = YES;
				ONLY_ACTIVE_ARCH = YES;
				SDKROOT = iphoneos;
			};
			name = Debug;
		};
		BED9E6D02CC4248E008786F0 /* Release */ = {
			isa = XCBuildConfiguration;
			buildSettings = {
				ALWAYS_SEARCH_USER_PATHS = NO;
				ASSETCATALOG_COMPILER_GENERATE_SWIFT_ASSET_SYMBOL_EXTENSIONS = YES;
				CLANG_ANALYZER_NONNULL = YES;
				CLANG_ANALYZER_NUMBER_OBJECT_CONVERSION = YES_AGGRESSIVE;
				CLANG_CXX_LANGUAGE_STANDARD = "gnu++20";
				CLANG_ENABLE_MODULES = YES;
				CLANG_ENABLE_OBJC_ARC = YES;
				CLANG_ENABLE_OBJC_WEAK = YES;
				CLANG_WARN_BLOCK_CAPTURE_AUTORELEASING = YES;
				CLANG_WARN_BOOL_CONVERSION = YES;
				CLANG_WARN_COMMA = YES;
				CLANG_WARN_CONSTANT_CONVERSION = YES;
				CLANG_WARN_DEPRECATED_OBJC_IMPLEMENTATIONS = YES;
				CLANG_WARN_DIRECT_OBJC_ISA_USAGE = YES_ERROR;
				CLANG_WARN_DOCUMENTATION_COMMENTS = YES;
				CLANG_WARN_EMPTY_BODY = YES;
				CLANG_WARN_ENUM_CONVERSION = YES;
				CLANG_WARN_INFINITE_RECURSION = YES;
				CLANG_WARN_INT_CONVERSION = YES;
				CLANG_WARN_NON_LITERAL_NULL_CONVERSION = YES;
				CLANG_WARN_OBJC_IMPLICIT_RETAIN_SELF = YES;
				CLANG_WARN_OBJC_LITERAL_CONVERSION = YES;
				CLANG_WARN_OBJC_ROOT_CLASS = YES_ERROR;
				CLANG_WARN_QUOTED_INCLUDE_IN_FRAMEWORK_HEADER = YES;
				CLANG_WARN_RANGE_LOOP_ANALYSIS = YES;
				CLANG_WARN_STRICT_PROTOTYPES = YES;
				CLANG_WARN_SUSPICIOUS_MOVE = YES;
				CLANG_WARN_UNGUARDED_AVAILABILITY = YES_AGGRESSIVE;
				CLANG_WARN_UNREACHABLE_CODE = YES;
				CLANG_WARN__DUPLICATE_METHOD_MATCH = YES;
				COPY_PHASE_STRIP = NO;
				DEBUG_INFORMATION_FORMAT = "dwarf-with-dsym";
				ENABLE_NS_ASSERTIONS = NO;
				ENABLE_STRICT_OBJC_MSGSEND = YES;
				ENABLE_USER_SCRIPT_SANDBOXING = YES;
				GCC_C_LANGUAGE_STANDARD = gnu17;
				GCC_NO_COMMON_BLOCKS = YES;
				GCC_WARN_64_TO_32_BIT_CONVERSION = YES;
				GCC_WARN_ABOUT_RETURN_TYPE = YES_ERROR;
				GCC_WARN_UNDECLARED_SELECTOR = YES;
				GCC_WARN_UNINITIALIZED_AUTOS = YES_AGGRESSIVE;
				GCC_WARN_UNUSED_FUNCTION = YES;
				GCC_WARN_UNUSED_VARIABLE = YES;
				IPHONEOS_DEPLOYMENT_TARGET = 17.5;
				LOCALIZATION_PREFERS_STRING_CATALOGS = YES;
				MTL_ENABLE_DEBUG_INFO = NO;
				MTL_FAST_MATH = YES;
				SDKROOT = iphoneos;
				VALIDATE_PRODUCT = YES;
			};
			name = Release;
		};
		BED9E6D22CC4248E008786F0 /* Debug */ = {
			isa = XCBuildConfiguration;
			buildSettings = {
				ASSETCATALOG_COMPILER_APPICON_NAME = AppIcon;
				ASSETCATALOG_COMPILER_GLOBAL_ACCENT_COLOR_NAME = AccentColor;
				CODE_SIGN_STYLE = Automatic;
				CURRENT_PROJECT_VERSION = 1;
				DEVELOPMENT_TEAM = VLS9B5G7MH;
				GENERATE_INFOPLIST_FILE = YES;
				INFOPLIST_FILE = "tinygrad-objc-ios/Info.plist";
				INFOPLIST_KEY_UIApplicationSupportsIndirectInputEvents = YES;
				INFOPLIST_KEY_UILaunchStoryboardName = LaunchScreen;
				INFOPLIST_KEY_UIMainStoryboardFile = Main;
				INFOPLIST_KEY_UISupportedInterfaceOrientations_iPad = "UIInterfaceOrientationPortrait UIInterfaceOrientationPortraitUpsideDown UIInterfaceOrientationLandscapeLeft UIInterfaceOrientationLandscapeRight";
				INFOPLIST_KEY_UISupportedInterfaceOrientations_iPhone = "UIInterfaceOrientationPortrait UIInterfaceOrientationLandscapeLeft UIInterfaceOrientationLandscapeRight";
				LD_RUNPATH_SEARCH_PATHS = (
					"$(inherited)",
					"@executable_path/Frameworks",
				);
				MARKETING_VERSION = 1.0;
				PRODUCT_BUNDLE_IDENTIFIER = "rory.tinygrad-objc-ios";
				PRODUCT_NAME = "$(TARGET_NAME)";
				SWIFT_EMIT_LOC_STRINGS = YES;
				TARGETED_DEVICE_FAMILY = "1,2";
			};
			name = Debug;
		};
		BED9E6D32CC4248E008786F0 /* Release */ = {
			isa = XCBuildConfiguration;
			buildSettings = {
				ASSETCATALOG_COMPILER_APPICON_NAME = AppIcon;
				ASSETCATALOG_COMPILER_GLOBAL_ACCENT_COLOR_NAME = AccentColor;
				CODE_SIGN_STYLE = Automatic;
				CURRENT_PROJECT_VERSION = 1;
				DEVELOPMENT_TEAM = VLS9B5G7MH;
				GENERATE_INFOPLIST_FILE = YES;
				INFOPLIST_FILE = "tinygrad-objc-ios/Info.plist";
				INFOPLIST_KEY_UIApplicationSupportsIndirectInputEvents = YES;
				INFOPLIST_KEY_UILaunchStoryboardName = LaunchScreen;
				INFOPLIST_KEY_UIMainStoryboardFile = Main;
				INFOPLIST_KEY_UISupportedInterfaceOrientations_iPad = "UIInterfaceOrientationPortrait UIInterfaceOrientationPortraitUpsideDown UIInterfaceOrientationLandscapeLeft UIInterfaceOrientationLandscapeRight";
				INFOPLIST_KEY_UISupportedInterfaceOrientations_iPhone = "UIInterfaceOrientationPortrait UIInterfaceOrientationLandscapeLeft UIInterfaceOrientationLandscapeRight";
				LD_RUNPATH_SEARCH_PATHS = (
					"$(inherited)",
					"@executable_path/Frameworks",
				);
				MARKETING_VERSION = 1.0;
				PRODUCT_BUNDLE_IDENTIFIER = "rory.tinygrad-objc-ios";
				PRODUCT_NAME = "$(TARGET_NAME)";
				SWIFT_EMIT_LOC_STRINGS = YES;
				TARGETED_DEVICE_FAMILY = "1,2";
			};
			name = Release;
		};
/* End XCBuildConfiguration section */

/* Begin XCConfigurationList section */
		BED9E6B32CC4248D008786F0 /* Build configuration list for PBXProject "tinygrad-objc-ios" */ = {
			isa = XCConfigurationList;
			buildConfigurations = (
				BED9E6CF2CC4248E008786F0 /* Debug */,
				BED9E6D02CC4248E008786F0 /* Release */,
			);
			defaultConfigurationIsVisible = 0;
			defaultConfigurationName = Release;
		};
		BED9E6D12CC4248E008786F0 /* Build configuration list for PBXNativeTarget "tinygrad-objc-ios" */ = {
			isa = XCConfigurationList;
			buildConfigurations = (
				BED9E6D22CC4248E008786F0 /* Debug */,
				BED9E6D32CC4248E008786F0 /* Release */,
			);
			defaultConfigurationIsVisible = 0;
			defaultConfigurationName = Release;
		};
/* End XCConfigurationList section */
	};
	rootObject = BED9E6B02CC4248D008786F0 /* Project object */;
}
